# This file is automatically @generated by Cargo.
# It is not intended for manual editing.
[[package]]
name = "dl-reasoner"
version = "0.1.0"
dependencies = [
 "mopa 0.2.2 (registry+https://github.com/rust-lang/crates.io-index)",
]

[[package]]
name = "mopa"
version = "0.2.2"
source = "registry+https://github.com/rust-lang/crates.io-index"

[metadata]
"checksum mopa 0.2.2 (registry+https://github.com/rust-lang/crates.io-index)" = "a785740271256c230f57462d3b83e52f998433a7062fc18f96d5999474a9f915"
